
Microsoft Visual Studio Solution File, Format Version 12.00
# Visual Studio Version 17
VisualStudioVersion = 17.7.34202.233
MinimumVisualStudioVersion = 10.0.40219.1
Project("{FAE04EC0-301F-11D3-BF4B-00C04F79EFBC}") = "TicTacToeApp", "TicTacToeApp\TicTacToeApp.csproj", "{4DF8815D-46C3-4EE9-A68A-D7042813F480}"
EndProject
Global
	GlobalSection(SolutionConfigurationPlatforms) = preSolution
		Debug|Any CPU = Debug|Any CPU
		Release|Any CPU = Release|Any CPU
	EndGlobalSection
	GlobalSection(ProjectConfigurationPlatforms) = postSolution
		{4DF8815D-46C3-4EE9-A68A-D7042813F480}.Debug|Any CPU.ActiveCfg = Debug|Any CPU
		{4DF8815D-46C3-4EE9-A68A-D7042813F480}.Debug|Any CPU.Build.0 = Debug|Any CPU
		{4DF8815D-46C3-4EE9-A68A-D7042813F480}.Release|Any CPU.ActiveCfg = Release|Any CPU
		{4DF8815D-46C3-4EE9-A68A-D7042813F480}.Release|Any CPU.Build.0 = Release|Any CPU
	EndGlobalSection
	GlobalSection(SolutionProperties) = preSolution
		HideSolutionNode = FALSE
	EndGlobalSection
	GlobalSection(ExtensibilityGlobals) = postSolution
		SolutionGuid = {13AC58FB-95D3-4AB1-997B-1A4DBBFD6510}
	EndGlobalSection
EndGlobal
